// !$*UTF8*$!
{
	archiveVersion = 1;
	classes = {
	};
	objectVersion = 48;
	objects = {

/* Begin PBXBuildFile section */
		033061CB1FFA892300335715 /* AppDelegate.m in Sources */ = {isa = PBXBuildFile; fileRef = 033061CA1FFA892300335715 /* AppDelegate.m */; };
		033061CE1FFA892300335715 /* ViewController.m in Sources */ = {isa = PBXBuildFile; fileRef = 033061CD1FFA892300335715 /* ViewController.m */; };
		033061D11FFA892300335715 /* Main.storyboard in Resources */ = {isa = PBXBuildFile; fileRef = 033061CF1FFA892300335715 /* Main.storyboard */; };
		033061D31FFA892300335715 /* Assets.xcassets in Resources */ = {isa = PBXBuildFile; fileRef = 033061D21FFA892300335715 /* Assets.xcassets */; };
		033061D61FFA892300335715 /* LaunchScreen.storyboard in Resources */ = {isa = PBXBuildFile; fileRef = 033061D41FFA892300335715 /* LaunchScreen.storyboard */; };
		033061D91FFA892300335715 /* main.m in Sources */ = {isa = PBXBuildFile; fileRef = 033061D81FFA892300335715 /* main.m */; };
/* End PBXBuildFile section */

/* Begin PBXFileReference section */
		033061C61FFA892300335715 /* pesb.app */ = {isa = PBXFileReference; explicitFileType = wrapper.application; includeInIndex = 0; path = pesb.app; sourceTree = BUILT_PRODUCTS_DIR; };
		033061C91FFA892300335715 /* AppDelegate.h */ = {isa = PBXFileReference; lastKnownFileType = sourcecode.c.h; path = AppDelegate.h; sourceTree = "<group>"; };
		033061CA1FFA892300335715 /* AppDelegate.m */ = {isa = PBXFileReference; lastKnownFileType = sourcecode.c.objc; path = AppDelegate.m; sourceTree = "<group>"; };
		033061CC1FFA892300335715 /* ViewController.h */ = {isa = PBXFileReference; lastKnownFileType = sourcecode.c.h; path = ViewController.h; sourceTree = "<group>"; };
		033061CD1FFA892300335715 /* ViewController.m */ = {isa = PBXFileReference; lastKnownFileType = sourcecode.c.objc; path = ViewController.m; sourceTree = "<group>"; };
		033061D01FFA892300335715 /* Base */ = {isa = PBXFileReference; lastKnownFileType = file.storyboard; name = Base; path = Base.lproj/Main.storyboard; sourceTree = "<group>"; };
		033061D21FFA892300335715 /* Assets.xcassets */ = {isa = PBXFileReference; lastKnownFileType = folder.assetcatalog; path = Assets.xcassets; sourceTree = "<group>"; };
		033061D51FFA892300335715 /* Base */ = {isa = PBXFileReference; lastKnownFileType = file.storyboard; name = Base; path = Base.lproj/LaunchScreen.storyboard; sourceTree = "<group>"; };
		033061D71FFA892300335715 /* Info.plist */ = {isa = PBXFileReference; lastKnownFileType = text.plist.xml; path = Info.plist; sourceTree = "<group>"; };
		033061D81FFA892300335715 /* main.m */ = {isa = PBXFileReference; lastKnownFileType = sourcecode.c.objc; path = main.m; sourceTree = "<group>"; };
/* End PBXFileReference section */

/* Begin PBXFrameworksBuildPhase section */
		033061C31FFA892300335715 /* Frameworks */ = {
			isa = PBXFrameworksBuildPhase;
			buildActionMask = 2147483647;
			files = (
			);
			runOnlyForDeploymentPostprocessing = 0;
		};
/* End PBXFrameworksBuildPhase section */

/* Begin PBXGroup section */
		033061BD1FFA892300335715 = {
			isa = PBXGroup;
			children = (
				033061C81FFA892300335715 /* pesb */,
				033061C71FFA892300335715 /* Products */,
			);
			sourceTree = "<group>";
		};
		033061C71FFA892300335715 /* Products */ = {
			isa = PBXGroup;
			children = (
				033061C61FFA892300335715 /* pesb.app */,
			);
			name = Products;
			sourceTree = "<group>";
		};
		033061C81FFA892300335715 /* pesb */ = {
			isa = PBXGroup;
			children = (
				033061C91FFA892300335715 /* AppDelegate.h */,
				033061CA1FFA892300335715 /* AppDelegate.m */,
				033061CC1FFA892300335715 /* ViewController.h */,
				033061CD1FFA892300335715 /* ViewController.m */,
				033061CF1FFA892300335715 /* Main.storyboard */,
				033061D21FFA892300335715 /* Assets.xcassets */,
				033061D41FFA892300335715 /* LaunchScreen.storyboard */,
				033061D71FFA892300335715 /* Info.plist */,
				033061D81FFA892300335715 /* main.m */,
			);
			path = pesb;
			sourceTree = "<group>";
		};
/* End PBXGroup section */

/* Begin PBXNativeTarget section */
		033061C51FFA892300335715 /* pesb */ = {
			isa = PBXNativeTarget;
			buildConfigurationList = 033061DC1FFA892300335715 /* Build configuration list for PBXNativeTarget "pesb" */;
			buildPhases = (
				033061C21FFA892300335715 /* Sources */,
				033061C31FFA892300335715 /* Frameworks */,
				033061C41FFA892300335715 /* Resources */,
			);
			buildRules = (
			);
			dependencies = (
			);
			name = pesb;
			productName = pesb;
			productReference = 033061C61FFA892300335715 /* pesb.app */;
			productType = "com.apple.product-type.application";
		};
/* End PBXNativeTarget section */

/* Begin PBXProject section */
		033061BE1FFA892300335715 /* Project object */ = {
			isa = PBXProject;
			attributes = {
				LastUpgradeCheck = 0900;
				ORGANIZATIONNAME = "Harsh Shah";
				TargetAttributes = {
					033061C51FFA892300335715 = {
						CreatedOnToolsVersion = 9.0;
						ProvisioningStyle = Automatic;
					};
				};
			};
			buildConfigurationList = 033061C11FFA892300335715 /* Build configuration list for PBXProject "pesb" */;
			compatibilityVersion = "Xcode 8.0";
			developmentRegion = en;
			hasScannedForEncodings = 0;
			knownRegions = (
				en,
				Base,
			);
			mainGroup = 033061BD1FFA892300335715;
			productRefGroup = 033061C71FFA892300335715 /* Products */;
			projectDirPath = "";
			projectRoot = "";
			targets = (
				033061C51FFA892300335715 /* pesb */,
			);
		};
/* End PBXProject section */

/* Begin PBXResourcesBuildPhase section */
		033061C41FFA892300335715 /* Resources */ = {
			isa = PBXResourcesBuildPhase;
			buildActionMask = 2147483647;
			files = (
				033061D61FFA892300335715 /* LaunchScreen.storyboard in Resources */,
				033061D31FFA892300335715 /* Assets.xcassets in Resources */,
				033061D11FFA892300335715 /* Main.storyboard in Resources */,
			);
			runOnlyForDeploymentPostprocessing = 0;
		};
/* End PBXResourcesBuildPhase section */

/* Begin PBXSourcesBuildPhase section */
		033061C21FFA892300335715 /* Sources */ = {
			isa = PBXSourcesBuildPhase;
			buildActionMask = 2147483647;
			files = (
				033061CE1FFA892300335715 /* ViewController.m in Sources */,
				033061D91FFA892300335715 /* main.m in Sources */,
				033061CB1FFA892300335715 /* AppDelegate.m in Sources */,
			);
			runOnlyForDeploymentPostprocessing = 0;
		};
/* End PBXSourcesBuildPhase section */

/* Begin PBXVariantGroup section */
		033061CF1FFA892300335715 /* Main.storyboard */ = {
			isa = PBXVariantGroup;
			children = (
				033061D01FFA892300335715 /* Base */,
			);
			name = Main.storyboard;
			sourceTree = "<group>";
		};
		033061D41FFA892300335715 /* LaunchScreen.storyboard */ = {
			isa = PBXVariantGroup;
			children = (
				033061D51FFA892300335715 /* Base */,
			);
			name = LaunchScreen.storyboard;
			sourceTree = "<group>";
		};
/* End PBXVariantGroup section */

/* Begin XCBuildConfiguration section */
		033061DA1FFA892300335715 /* Debug */ = {
			isa = XCBuildConfiguration;
			buildSettings = {
				ALWAYS_SEARCH_USER_PATHS = NO;
				CLANG_ANALYZER_NONNULL = YES;
				CLANG_ANALYZER_NUMBER_OBJECT_CONVERSION = YES_AGGRESSIVE;
				CLANG_CXX_LANGUAGE_STANDARD = "gnu++14";
				CLANG_CXX_LIBRARY = "libc++";
				CLANG_ENABLE_MODULES = YES;
				CLANG_ENABLE_OBJC_ARC = YES;
				CLANG_WARN_BLOCK_CAPTURE_AUTORELEASING = YES;
				CLANG_WARN_BOOL_CONVERSION = YES;
				CLANG_WARN_COMMA = YES;
				CLANG_WARN_CONSTANT_CONVERSION = YES;
				CLANG_WARN_DIRECT_OBJC_ISA_USAGE = YES_ERROR;
				CLANG_WARN_DOCUMENTATION_COMMENTS = YES;
				CLANG_WARN_EMPTY_BODY = YES;
				CLANG_WARN_ENUM_CONVERSION = YES;
				CLANG_WARN_INFINITE_RECURSION = YES;
				CLANG_WARN_INT_CONVERSION = YES;
				CLANG_WARN_NON_LITERAL_NULL_CONVERSION = YES;
				CLANG_WARN_OBJC_LITERAL_CONVERSION = YES;
				CLANG_WARN_OBJC_ROOT_CLASS = YES_ERROR;
				CLANG_WARN_RANGE_LOOP_ANALYSIS = YES;
				CLANG_WARN_STRICT_PROTOTYPES = YES;
				CLANG_WARN_SUSPICIOUS_MOVE = YES;
				CLANG_WARN_UNGUARDED_AVAILABILITY = YES_AGGRESSIVE;
				CLANG_WARN_UNREACHABLE_CODE = YES;
				CLANG_WARN__DUPLICATE_METHOD_MATCH = YES;
				CODE_SIGN_IDENTITY = "iPhone Developer";
				COPY_PHASE_STRIP = NO;
				DEBUG_INFORMATION_FORMAT = dwarf;
				ENABLE_STRICT_OBJC_MSGSEND = YES;
				ENABLE_TESTABILITY = YES;
				GCC_C_LANGUAGE_STANDARD = gnu11;
				GCC_DYNAMIC_NO_PIC = NO;
				GCC_NO_COMMON_BLOCKS = YES;
				GCC_OPTIMIZATION_LEVEL = 0;
				GCC_PREPROCESSOR_DEFINITIONS = (
					"DEBUG=1",
					"$(inherited)",
				);
				GCC_WARN_64_TO_32_BIT_CONVERSION = YES;
				GCC_WARN_ABOUT_RETURN_TYPE = YES_ERROR;
				GCC_WARN_UNDECLARED_SELECTOR = YES;
				GCC_WARN_UNINITIALIZED_AUTOS = YES_AGGRESSIVE;
				GCC_WARN_UNUSED_FUNCTION = YES;
				GCC_WARN_UNUSED_VARIABLE = YES;
				IPHONEOS_DEPLOYMENT_TARGET = 11.0;
				MTL_ENABLE_DEBUG_INFO = YES;
				ONLY_ACTIVE_ARCH = YES;
				SDKROOT = iphoneos;
			};
			name = Debug;
		};
		033061DB1FFA892300335715 /* Release */ = {
			isa = XCBuildConfiguration;
			buildSettings = {
				ALWAYS_SEARCH_USER_PATHS = NO;
				CLANG_ANALYZER_NONNULL = YES;
				CLANG_ANALYZER_NUMBER_OBJECT_CONVERSION = YES_AGGRESSIVE;
				CLANG_CXX_LANGUAGE_STANDARD = "gnu++14";
				CLANG_CXX_LIBRARY = "libc++";
				CLANG_ENABLE_MODULES = YES;
				CLANG_ENABLE_OBJC_ARC = YES;
				CLANG_WARN_BLOCK_CAPTURE_AUTORELEASING = YES;
				CLANG_WARN_BOOL_CONVERSION = YES;
				CLANG_WARN_COMMA = YES;
				CLANG_WARN_CONSTANT_CONVERSION = YES;
				CLANG_WARN_DIRECT_OBJC_ISA_USAGE = YES_ERROR;
				CLANG_WARN_DOCUMENTATION_COMMENTS = YES;
				CLANG_WARN_EMPTY_BODY = YES;
				CLANG_WARN_ENUM_CONVERSION = YES;
				CLANG_WARN_INFINITE_RECURSION = YES;
				CLANG_WARN_INT_CONVERSION = YES;
				CLANG_WARN_NON_LITERAL_NULL_CONVERSION = YES;
				CLANG_WARN_OBJC_LITERAL_CONVERSION = YES;
				CLANG_WARN_OBJC_ROOT_CLASS = YES_ERROR;
				CLANG_WARN_RANGE_LOOP_ANALYSIS = YES;
				CLANG_WARN_STRICT_PROTOTYPES = YES;
				CLANG_WARN_SUSPICIOUS_MOVE = YES;
				CLANG_WARN_UNGUARDED_AVAILABILITY = YES_AGGRESSIVE;
				CLANG_WARN_UNREACHABLE_CODE = YES;
				CLANG_WARN__DUPLICATE_METHOD_MATCH = YES;
				CODE_SIGN_IDENTITY = "iPhone Developer";
				COPY_PHASE_STRIP = NO;
				DEBUG_INFORMATION_FORMAT = "dwarf-with-dsym";
				ENABLE_NS_ASSERTIONS = NO;
				ENABLE_STRICT_OBJC_MSGSEND = YES;
				GCC_C_LANGUAGE_STANDARD = gnu11;
				GCC_NO_COMMON_BLOCKS = YES;
				GCC_WARN_64_TO_32_BIT_CONVERSION = YES;
				GCC_WARN_ABOUT_RETURN_TYPE = YES_ERROR;
				GCC_WARN_UNDECLARED_SELECTOR = YES;
				GCC_WARN_UNINITIALIZED_AUTOS = YES_AGGRESSIVE;
				GCC_WARN_UNUSED_FUNCTION = YES;
				GCC_WARN_UNUSED_VARIABLE = YES;
				IPHONEOS_DEPLOYMENT_TARGET = 11.0;
				MTL_ENABLE_DEBUG_INFO = NO;
				SDKROOT = iphoneos;
				VALIDATE_PRODUCT = YES;
			};
			name = Release;
		};
		033061DD1FFA892300335715 /* Debug */ = {
			isa = XCBuildConfiguration;
			buildSettings = {
				ASSETCATALOG_COMPILER_APPICON_NAME = AppIcon;
				CODE_SIGN_STYLE = Automatic;
				DEVELOPMENT_TEAM = 4TXS6T9GMD;
				INFOPLIST_FILE = pesb/Info.plist;
				LD_RUNPATH_SEARCH_PATHS = "$(inherited) @executable_path/Frameworks";
				PRODUCT_BUNDLE_IDENTIFIER = com.minesweepers.pesb;
				PRODUCT_NAME = "$(TARGET_NAME)";
				TARGETED_DEVICE_FAMILY = "1,2";
			};
			name = Debug;
		};
		033061DE1FFA892300335715 /* Release */ = {
			isa = XCBuildConfiguration;
			buildSettings = {
				ASSETCATALOG_COMPILER_APPICON_NAME = AppIcon;
				CODE_SIGN_STYLE = Automatic;
				DEVELOPMENT_TEAM = 4TXS6T9GMD;
				INFOPLIST_FILE = pesb/Info.plist;
				LD_RUNPATH_SEARCH_PATHS = "$(inherited) @executable_path/Frameworks";
				PRODUCT_BUNDLE_IDENTIFIER = com.minesweepers.pesb;
				PRODUCT_NAME = "$(TARGET_NAME)";
				TARGETED_DEVICE_FAMILY = "1,2";
			};
			name = Release;
		};
/* End XCBuildConfiguration section */

/* Begin XCConfigurationList section */
		033061C11FFA892300335715 /* Build configuration list for PBXProject "pesb" */ = {
			isa = XCConfigurationList;
			buildConfigurations = (
				033061DA1FFA892300335715 /* Debug */,
				033061DB1FFA892300335715 /* Release */,
			);
			defaultConfigurationIsVisible = 0;
			defaultConfigurationName = Release;
		};
		033061DC1FFA892300335715 /* Build configuration list for PBXNativeTarget "pesb" */ = {
			isa = XCConfigurationList;
			buildConfigurations = (
				033061DD1FFA892300335715 /* Debug */,
				033061DE1FFA892300335715 /* Release */,
			);
			defaultConfigurationIsVisible = 0;
			defaultConfigurationName = Release;
		};
/* End XCConfigurationList section */
	};
	rootObject = 033061BE1FFA892300335715 /* Project object */;
}
